
Microsoft Visual Studio Solution File, Format Version 12.00
# Visual Studio 15
VisualStudioVersion = 15.0.28307.168
MinimumVisualStudioVersion = 10.0.40219.1
Project("{8BC9CEB8-8B4A-11D0-8D11-00A0C91BC942}") = "1054Proj", "1054Proj\1054Proj.vcxproj", "{D6215E0F-CDCF-41DA-8217-8DE23D2BB23C}"
EndProject
Global
	GlobalSection(SolutionConfigurationPlatforms) = preSolution
		Debug|x64 = Debug|x64
		Debug|x86 = Debug|x86
		Release|x64 = Release|x64
		Release|x86 = Release|x86
	EndGlobalSection
	GlobalSection(ProjectConfigurationPlatforms) = postSolution
		{D6215E0F-CDCF-41DA-8217-8DE23D2BB23C}.Debug|x64.ActiveCfg = Debug|x64
		{D6215E0F-CDCF-41DA-8217-8DE23D2BB23C}.Debug|x64.Build.0 = Debug|x64
		{D6215E0F-CDCF-41DA-8217-8DE23D2BB23C}.Debug|x86.ActiveCfg = Debug|Win32
		{D6215E0F-CDCF-41DA-8217-8DE23D2BB23C}.Debug|x86.Build.0 = Debug|Win32
		{D6215E0F-CDCF-41DA-8217-8DE23D2BB23C}.Release|x64.ActiveCfg = Release|x64
		{D6215E0F-CDCF-41DA-8217-8DE23D2BB23C}.Release|x64.Build.0 = Release|x64
		{D6215E0F-CDCF-41DA-8217-8DE23D2BB23C}.Release|x86.ActiveCfg = Release|Win32
		{D6215E0F-CDCF-41DA-8217-8DE23D2BB23C}.Release|x86.Build.0 = Release|Win32
	EndGlobalSection
	GlobalSection(SolutionProperties) = preSolution
		HideSolutionNode = FALSE
	EndGlobalSection
	GlobalSection(ExtensibilityGlobals) = postSolution
		SolutionGuid = {6AEF9A8E-1CAB-4EB6-87A3-18BD0C2639F4}
	EndGlobalSection
EndGlobal
