
Microsoft Visual Studio Solution File, Format Version 12.00
# Visual Studio 15
VisualStudioVersion = 15.0.27703.2000
MinimumVisualStudioVersion = 10.0.40219.1
Project("{8BC9CEB8-8B4A-11D0-8D11-00A0C91BC942}") = "Grupa1053Proj", "Grupa1053Proj\Grupa1053Proj.vcxproj", "{6FC11FAD-B6E7-4300-92A8-B0803BCC929E}"
EndProject
Global
	GlobalSection(SolutionConfigurationPlatforms) = preSolution
		Debug|x64 = Debug|x64
		Debug|x86 = Debug|x86
		Release|x64 = Release|x64
		Release|x86 = Release|x86
	EndGlobalSection
	GlobalSection(ProjectConfigurationPlatforms) = postSolution
		{6FC11FAD-B6E7-4300-92A8-B0803BCC929E}.Debug|x64.ActiveCfg = Debug|x64
		{6FC11FAD-B6E7-4300-92A8-B0803BCC929E}.Debug|x64.Build.0 = Debug|x64
		{6FC11FAD-B6E7-4300-92A8-B0803BCC929E}.Debug|x86.ActiveCfg = Debug|Win32
		{6FC11FAD-B6E7-4300-92A8-B0803BCC929E}.Debug|x86.Build.0 = Debug|Win32
		{6FC11FAD-B6E7-4300-92A8-B0803BCC929E}.Release|x64.ActiveCfg = Release|x64
		{6FC11FAD-B6E7-4300-92A8-B0803BCC929E}.Release|x64.Build.0 = Release|x64
		{6FC11FAD-B6E7-4300-92A8-B0803BCC929E}.Release|x86.ActiveCfg = Release|Win32
		{6FC11FAD-B6E7-4300-92A8-B0803BCC929E}.Release|x86.Build.0 = Release|Win32
	EndGlobalSection
	GlobalSection(SolutionProperties) = preSolution
		HideSolutionNode = FALSE
	EndGlobalSection
	GlobalSection(ExtensibilityGlobals) = postSolution
		SolutionGuid = {A245B64D-297F-4E01-BA74-2EFD44FB2849}
	EndGlobalSection
EndGlobal
