
Microsoft Visual Studio Solution File, Format Version 12.00
# Visual Studio Version 16
VisualStudioVersion = 16.0.33801.447
MinimumVisualStudioVersion = 10.0.40219.1
Project("{8BC9CEB8-8B4A-11D0-8D11-00A0C91BC942}") = "Grupa1060Proj", "Grupa1060Proj\Grupa1060Proj.vcxproj", "{1933AA35-9E69-4B0E-B2D6-D174BD5A4445}"
EndProject
Global
	GlobalSection(SolutionConfigurationPlatforms) = preSolution
		Debug|x64 = Debug|x64
		Debug|x86 = Debug|x86
		Release|x64 = Release|x64
		Release|x86 = Release|x86
	EndGlobalSection
	GlobalSection(ProjectConfigurationPlatforms) = postSolution
		{1933AA35-9E69-4B0E-B2D6-D174BD5A4445}.Debug|x64.ActiveCfg = Debug|x64
		{1933AA35-9E69-4B0E-B2D6-D174BD5A4445}.Debug|x64.Build.0 = Debug|x64
		{1933AA35-9E69-4B0E-B2D6-D174BD5A4445}.Debug|x86.ActiveCfg = Debug|Win32
		{1933AA35-9E69-4B0E-B2D6-D174BD5A4445}.Debug|x86.Build.0 = Debug|Win32
		{1933AA35-9E69-4B0E-B2D6-D174BD5A4445}.Release|x64.ActiveCfg = Release|x64
		{1933AA35-9E69-4B0E-B2D6-D174BD5A4445}.Release|x64.Build.0 = Release|x64
		{1933AA35-9E69-4B0E-B2D6-D174BD5A4445}.Release|x86.ActiveCfg = Release|Win32
		{1933AA35-9E69-4B0E-B2D6-D174BD5A4445}.Release|x86.Build.0 = Release|Win32
	EndGlobalSection
	GlobalSection(SolutionProperties) = preSolution
		HideSolutionNode = FALSE
	EndGlobalSection
	GlobalSection(ExtensibilityGlobals) = postSolution
		SolutionGuid = {BD494EBA-053D-46AD-9704-67F9B6AD766D}
	EndGlobalSection
EndGlobal
