
Microsoft Visual Studio Solution File, Format Version 12.00
# Visual Studio 15
VisualStudioVersion = 15.0.27703.2000
MinimumVisualStudioVersion = 10.0.40219.1
Project("{8BC9CEB8-8B4A-11D0-8D11-00A0C91BC942}") = "SeriaDProj", "SeriaDProj\SeriaDProj.vcxproj", "{D077931C-671B-464E-9CE7-4DE6E79E07B0}"
EndProject
Global
	GlobalSection(SolutionConfigurationPlatforms) = preSolution
		Debug|x64 = Debug|x64
		Debug|x86 = Debug|x86
		Release|x64 = Release|x64
		Release|x86 = Release|x86
	EndGlobalSection
	GlobalSection(ProjectConfigurationPlatforms) = postSolution
		{D077931C-671B-464E-9CE7-4DE6E79E07B0}.Debug|x64.ActiveCfg = Debug|x64
		{D077931C-671B-464E-9CE7-4DE6E79E07B0}.Debug|x64.Build.0 = Debug|x64
		{D077931C-671B-464E-9CE7-4DE6E79E07B0}.Debug|x86.ActiveCfg = Debug|Win32
		{D077931C-671B-464E-9CE7-4DE6E79E07B0}.Debug|x86.Build.0 = Debug|Win32
		{D077931C-671B-464E-9CE7-4DE6E79E07B0}.Release|x64.ActiveCfg = Release|x64
		{D077931C-671B-464E-9CE7-4DE6E79E07B0}.Release|x64.Build.0 = Release|x64
		{D077931C-671B-464E-9CE7-4DE6E79E07B0}.Release|x86.ActiveCfg = Release|Win32
		{D077931C-671B-464E-9CE7-4DE6E79E07B0}.Release|x86.Build.0 = Release|Win32
	EndGlobalSection
	GlobalSection(SolutionProperties) = preSolution
		HideSolutionNode = FALSE
	EndGlobalSection
	GlobalSection(ExtensibilityGlobals) = postSolution
		SolutionGuid = {724BFB28-93BA-4436-8481-D5A5D66A104A}
	EndGlobalSection
EndGlobal
