
Microsoft Visual Studio Solution File, Format Version 12.00
# Visual Studio Version 16
VisualStudioVersion = 16.0.31624.102
MinimumVisualStudioVersion = 10.0.40219.1
Project("{8BC9CEB8-8B4A-11D0-8D11-00A0C91BC942}") = "Grupa1052Proj", "Grupa1052Proj\Grupa1052Proj.vcxproj", "{20152C0B-0327-45F1-BB38-B79FA0195135}"
EndProject
Global
	GlobalSection(SolutionConfigurationPlatforms) = preSolution
		Debug|x64 = Debug|x64
		Debug|x86 = Debug|x86
		Release|x64 = Release|x64
		Release|x86 = Release|x86
	EndGlobalSection
	GlobalSection(ProjectConfigurationPlatforms) = postSolution
		{20152C0B-0327-45F1-BB38-B79FA0195135}.Debug|x64.ActiveCfg = Debug|x64
		{20152C0B-0327-45F1-BB38-B79FA0195135}.Debug|x64.Build.0 = Debug|x64
		{20152C0B-0327-45F1-BB38-B79FA0195135}.Debug|x86.ActiveCfg = Debug|Win32
		{20152C0B-0327-45F1-BB38-B79FA0195135}.Debug|x86.Build.0 = Debug|Win32
		{20152C0B-0327-45F1-BB38-B79FA0195135}.Release|x64.ActiveCfg = Release|x64
		{20152C0B-0327-45F1-BB38-B79FA0195135}.Release|x64.Build.0 = Release|x64
		{20152C0B-0327-45F1-BB38-B79FA0195135}.Release|x86.ActiveCfg = Release|Win32
		{20152C0B-0327-45F1-BB38-B79FA0195135}.Release|x86.Build.0 = Release|Win32
	EndGlobalSection
	GlobalSection(SolutionProperties) = preSolution
		HideSolutionNode = FALSE
	EndGlobalSection
	GlobalSection(ExtensibilityGlobals) = postSolution
		SolutionGuid = {E77617ED-0BB5-4A0A-96D4-1E0AE18ED425}
	EndGlobalSection
EndGlobal
