
Microsoft Visual Studio Solution File, Format Version 12.00
# Visual Studio 15
VisualStudioVersion = 15.0.28307.168
MinimumVisualStudioVersion = 10.0.40219.1
Project("{8BC9CEB8-8B4A-11D0-8D11-00A0C91BC942}") = "1053Proj", "1053Proj\1053Proj.vcxproj", "{66332C45-71ED-44BB-8157-249C7D125072}"
EndProject
Global
	GlobalSection(SolutionConfigurationPlatforms) = preSolution
		Debug|x64 = Debug|x64
		Debug|x86 = Debug|x86
		Release|x64 = Release|x64
		Release|x86 = Release|x86
	EndGlobalSection
	GlobalSection(ProjectConfigurationPlatforms) = postSolution
		{66332C45-71ED-44BB-8157-249C7D125072}.Debug|x64.ActiveCfg = Debug|x64
		{66332C45-71ED-44BB-8157-249C7D125072}.Debug|x64.Build.0 = Debug|x64
		{66332C45-71ED-44BB-8157-249C7D125072}.Debug|x86.ActiveCfg = Debug|Win32
		{66332C45-71ED-44BB-8157-249C7D125072}.Debug|x86.Build.0 = Debug|Win32
		{66332C45-71ED-44BB-8157-249C7D125072}.Release|x64.ActiveCfg = Release|x64
		{66332C45-71ED-44BB-8157-249C7D125072}.Release|x64.Build.0 = Release|x64
		{66332C45-71ED-44BB-8157-249C7D125072}.Release|x86.ActiveCfg = Release|Win32
		{66332C45-71ED-44BB-8157-249C7D125072}.Release|x86.Build.0 = Release|Win32
	EndGlobalSection
	GlobalSection(SolutionProperties) = preSolution
		HideSolutionNode = FALSE
	EndGlobalSection
	GlobalSection(ExtensibilityGlobals) = postSolution
		SolutionGuid = {BFD3356C-7AEE-4F7D-BFA9-915DBB56F7BA}
	EndGlobalSection
EndGlobal
