
Microsoft Visual Studio Solution File, Format Version 12.00
# Visual Studio 15
VisualStudioVersion = 15.0.27428.2005
MinimumVisualStudioVersion = 10.0.40219.1
Project("{8BC9CEB8-8B4A-11D0-8D11-00A0C91BC942}") = "SeriaDProj", "SeriaDProj\SeriaDProj.vcxproj", "{1981573D-88C6-4671-AC8D-285DD82F9D31}"
EndProject
Global
	GlobalSection(SolutionConfigurationPlatforms) = preSolution
		Debug|x64 = Debug|x64
		Debug|x86 = Debug|x86
		Release|x64 = Release|x64
		Release|x86 = Release|x86
	EndGlobalSection
	GlobalSection(ProjectConfigurationPlatforms) = postSolution
		{1981573D-88C6-4671-AC8D-285DD82F9D31}.Debug|x64.ActiveCfg = Debug|x64
		{1981573D-88C6-4671-AC8D-285DD82F9D31}.Debug|x64.Build.0 = Debug|x64
		{1981573D-88C6-4671-AC8D-285DD82F9D31}.Debug|x86.ActiveCfg = Debug|Win32
		{1981573D-88C6-4671-AC8D-285DD82F9D31}.Debug|x86.Build.0 = Debug|Win32
		{1981573D-88C6-4671-AC8D-285DD82F9D31}.Release|x64.ActiveCfg = Release|x64
		{1981573D-88C6-4671-AC8D-285DD82F9D31}.Release|x64.Build.0 = Release|x64
		{1981573D-88C6-4671-AC8D-285DD82F9D31}.Release|x86.ActiveCfg = Release|Win32
		{1981573D-88C6-4671-AC8D-285DD82F9D31}.Release|x86.Build.0 = Release|Win32
	EndGlobalSection
	GlobalSection(SolutionProperties) = preSolution
		HideSolutionNode = FALSE
	EndGlobalSection
	GlobalSection(ExtensibilityGlobals) = postSolution
		SolutionGuid = {FE061A61-2C61-487A-B5FE-374EB69B32B1}
	EndGlobalSection
EndGlobal
