
Microsoft Visual Studio Solution File, Format Version 12.00
# Visual Studio Version 16
VisualStudioVersion = 16.0.36422.26
MinimumVisualStudioVersion = 10.0.40219.1
Project("{8BC9CEB8-8B4A-11D0-8D11-00A0C91BC942}") = "SeriaDProj", "SeriaDProj\SeriaDProj.vcxproj", "{7086DC4D-D83B-4CB7-97A9-BA66437E8DFE}"
EndProject
Global
	GlobalSection(SolutionConfigurationPlatforms) = preSolution
		Debug|x64 = Debug|x64
		Debug|x86 = Debug|x86
		Release|x64 = Release|x64
		Release|x86 = Release|x86
	EndGlobalSection
	GlobalSection(ProjectConfigurationPlatforms) = postSolution
		{7086DC4D-D83B-4CB7-97A9-BA66437E8DFE}.Debug|x64.ActiveCfg = Debug|x64
		{7086DC4D-D83B-4CB7-97A9-BA66437E8DFE}.Debug|x64.Build.0 = Debug|x64
		{7086DC4D-D83B-4CB7-97A9-BA66437E8DFE}.Debug|x86.ActiveCfg = Debug|Win32
		{7086DC4D-D83B-4CB7-97A9-BA66437E8DFE}.Debug|x86.Build.0 = Debug|Win32
		{7086DC4D-D83B-4CB7-97A9-BA66437E8DFE}.Release|x64.ActiveCfg = Release|x64
		{7086DC4D-D83B-4CB7-97A9-BA66437E8DFE}.Release|x64.Build.0 = Release|x64
		{7086DC4D-D83B-4CB7-97A9-BA66437E8DFE}.Release|x86.ActiveCfg = Release|Win32
		{7086DC4D-D83B-4CB7-97A9-BA66437E8DFE}.Release|x86.Build.0 = Release|Win32
	EndGlobalSection
	GlobalSection(SolutionProperties) = preSolution
		HideSolutionNode = FALSE
	EndGlobalSection
	GlobalSection(ExtensibilityGlobals) = postSolution
		SolutionGuid = {00F2CC1C-D669-4002-90FD-C3E9A03E63A3}
	EndGlobalSection
EndGlobal
