
Microsoft Visual Studio Solution File, Format Version 12.00
# Visual Studio Version 16
VisualStudioVersion = 16.0.36422.26
MinimumVisualStudioVersion = 10.0.40219.1
Project("{8BC9CEB8-8B4A-11D0-8D11-00A0C91BC942}") = "Grupa1052LabProj", "Grupa1052LabProj\Grupa1052LabProj.vcxproj", "{9B342B86-04E1-4721-B69C-75454897AE16}"
EndProject
Global
	GlobalSection(SolutionConfigurationPlatforms) = preSolution
		Debug|x64 = Debug|x64
		Debug|x86 = Debug|x86
		Release|x64 = Release|x64
		Release|x86 = Release|x86
	EndGlobalSection
	GlobalSection(ProjectConfigurationPlatforms) = postSolution
		{9B342B86-04E1-4721-B69C-75454897AE16}.Debug|x64.ActiveCfg = Debug|x64
		{9B342B86-04E1-4721-B69C-75454897AE16}.Debug|x64.Build.0 = Debug|x64
		{9B342B86-04E1-4721-B69C-75454897AE16}.Debug|x86.ActiveCfg = Debug|Win32
		{9B342B86-04E1-4721-B69C-75454897AE16}.Debug|x86.Build.0 = Debug|Win32
		{9B342B86-04E1-4721-B69C-75454897AE16}.Release|x64.ActiveCfg = Release|x64
		{9B342B86-04E1-4721-B69C-75454897AE16}.Release|x64.Build.0 = Release|x64
		{9B342B86-04E1-4721-B69C-75454897AE16}.Release|x86.ActiveCfg = Release|Win32
		{9B342B86-04E1-4721-B69C-75454897AE16}.Release|x86.Build.0 = Release|Win32
	EndGlobalSection
	GlobalSection(SolutionProperties) = preSolution
		HideSolutionNode = FALSE
	EndGlobalSection
	GlobalSection(ExtensibilityGlobals) = postSolution
		SolutionGuid = {C71D927C-9969-42EE-BA57-C3533AA7768A}
	EndGlobalSection
EndGlobal
