
Microsoft Visual Studio Solution File, Format Version 12.00
# Visual Studio Version 16
VisualStudioVersion = 16.0.33801.447
MinimumVisualStudioVersion = 10.0.40219.1
Project("{8BC9CEB8-8B4A-11D0-8D11-00A0C91BC942}") = "SeriaCProj", "SeriaCProj\SeriaCProj.vcxproj", "{7DC1A1E8-D968-4381-B5FB-67F7B11D974B}"
EndProject
Global
	GlobalSection(SolutionConfigurationPlatforms) = preSolution
		Debug|x64 = Debug|x64
		Debug|x86 = Debug|x86
		Release|x64 = Release|x64
		Release|x86 = Release|x86
	EndGlobalSection
	GlobalSection(ProjectConfigurationPlatforms) = postSolution
		{7DC1A1E8-D968-4381-B5FB-67F7B11D974B}.Debug|x64.ActiveCfg = Debug|x64
		{7DC1A1E8-D968-4381-B5FB-67F7B11D974B}.Debug|x64.Build.0 = Debug|x64
		{7DC1A1E8-D968-4381-B5FB-67F7B11D974B}.Debug|x86.ActiveCfg = Debug|Win32
		{7DC1A1E8-D968-4381-B5FB-67F7B11D974B}.Debug|x86.Build.0 = Debug|Win32
		{7DC1A1E8-D968-4381-B5FB-67F7B11D974B}.Release|x64.ActiveCfg = Release|x64
		{7DC1A1E8-D968-4381-B5FB-67F7B11D974B}.Release|x64.Build.0 = Release|x64
		{7DC1A1E8-D968-4381-B5FB-67F7B11D974B}.Release|x86.ActiveCfg = Release|Win32
		{7DC1A1E8-D968-4381-B5FB-67F7B11D974B}.Release|x86.Build.0 = Release|Win32
	EndGlobalSection
	GlobalSection(SolutionProperties) = preSolution
		HideSolutionNode = FALSE
	EndGlobalSection
	GlobalSection(ExtensibilityGlobals) = postSolution
		SolutionGuid = {2F2ACEEC-4136-4523-875D-4A6261F987B4}
	EndGlobalSection
EndGlobal
